
Microsoft Visual Studio Solution File, Format Version 12.00
# Visual Studio 15
Project("{FAE04EC0-301F-11D3-BF4B-00C04F79EFBC}") = "QAAssignment1", "QAAssignment1\QAAssignment1.csproj", "{B99EEFA7-75ED-471C-89DB-6F70C68645EA}"
EndProject
Global
	GlobalSection(SolutionConfigurationPlatforms) = preSolution
		Debug|Any CPU = Debug|Any CPU
		Release|Any CPU = Release|Any CPU
	EndGlobalSection
	GlobalSection(ProjectConfigurationPlatforms) = postSolution
		{B99EEFA7-75ED-471C-89DB-6F70C68645EA}.Debug|Any CPU.ActiveCfg = Debug|Any CPU
		{B99EEFA7-75ED-471C-89DB-6F70C68645EA}.Debug|Any CPU.Build.0 = Debug|Any CPU
		{B99EEFA7-75ED-471C-89DB-6F70C68645EA}.Release|Any CPU.ActiveCfg = Release|Any CPU
		{B99EEFA7-75ED-471C-89DB-6F70C68645EA}.Release|Any CPU.Build.0 = Release|Any CPU
	EndGlobalSection
EndGlobal
